{
  "name": "allan-cli-monorepo",
  "version": "1.0.0",
  "lockfileVersion": 3,
  "requires": true,
  "packages": {
    "": {
      "name": "allan-cli-monorepo",
      "version": "1.0.0",
      "license": "ISC",
      "dependencies": {
        "create-vite": "^5.5.5"
      }
    },
    "node_modules/create-vite": {
      "version": "5.5.5",
      "resolved": "https://registry.npmmirror.com/create-vite/-/create-vite-5.5.5.tgz",
      "integrity": "sha512-xQaaMBBP7iTs9GrWj48y6WIMqn1l+83ao/BW1T32KkEzzi6kTEEAp0UI9EW/waCy7R4dGN6bRR86YQfPHmUsuQ==",
      "license": "MIT",
      "bin": {
        "create-vite": "index.js",
        "cva": "index.js"
      },
      "engines": {
        "node": "^18.0.0 || >=20.0.0"
      },
      "funding": {
        "url": "https://github.com/vitejs/vite?sponsor=1"
      }
    }
  }
}
